
Microsoft Visual Studio Solution File, Format Version 12.00
# Visual Studio 15
VisualStudioVersion = 15.0.26124.0
MinimumVisualStudioVersion = 15.0.26124.0
Project("{FAE04EC0-301F-11D3-BF4B-00C04F79EFBC}") = "PaymentContext.Domain", "PaymentContext.Domain\PaymentContext.Domain.csproj", "{748A4B1C-EF57-4F98-89E8-1292A1652D64}"
EndProject
Project("{FAE04EC0-301F-11D3-BF4B-00C04F79EFBC}") = "PaymentContext.Shared", "PaymentContext.Shared\PaymentContext.Shared.csproj", "{1B9B07BB-22C3-4039-9FC2-226C6A0FE884}"
EndProject
Project("{FAE04EC0-301F-11D3-BF4B-00C04F79EFBC}") = "PaymentContext.Tests", "PaymentContext.Tests\PaymentContext.Tests.csproj", "{721B4328-79D3-4B56-A8C4-C1BBFF707979}"
EndProject
Global
	GlobalSection(SolutionConfigurationPlatforms) = preSolution
		Debug|Any CPU = Debug|Any CPU
		Debug|x64 = Debug|x64
		Debug|x86 = Debug|x86
		Release|Any CPU = Release|Any CPU
		Release|x64 = Release|x64
		Release|x86 = Release|x86
	EndGlobalSection
	GlobalSection(SolutionProperties) = preSolution
		HideSolutionNode = FALSE
	EndGlobalSection
	GlobalSection(ProjectConfigurationPlatforms) = postSolution
		{748A4B1C-EF57-4F98-89E8-1292A1652D64}.Debug|Any CPU.ActiveCfg = Debug|Any CPU
		{748A4B1C-EF57-4F98-89E8-1292A1652D64}.Debug|Any CPU.Build.0 = Debug|Any CPU
		{748A4B1C-EF57-4F98-89E8-1292A1652D64}.Debug|x64.ActiveCfg = Debug|Any CPU
		{748A4B1C-EF57-4F98-89E8-1292A1652D64}.Debug|x64.Build.0 = Debug|Any CPU
		{748A4B1C-EF57-4F98-89E8-1292A1652D64}.Debug|x86.ActiveCfg = Debug|Any CPU
		{748A4B1C-EF57-4F98-89E8-1292A1652D64}.Debug|x86.Build.0 = Debug|Any CPU
		{748A4B1C-EF57-4F98-89E8-1292A1652D64}.Release|Any CPU.ActiveCfg = Release|Any CPU
		{748A4B1C-EF57-4F98-89E8-1292A1652D64}.Release|Any CPU.Build.0 = Release|Any CPU
		{748A4B1C-EF57-4F98-89E8-1292A1652D64}.Release|x64.ActiveCfg = Release|Any CPU
		{748A4B1C-EF57-4F98-89E8-1292A1652D64}.Release|x64.Build.0 = Release|Any CPU
		{748A4B1C-EF57-4F98-89E8-1292A1652D64}.Release|x86.ActiveCfg = Release|Any CPU
		{748A4B1C-EF57-4F98-89E8-1292A1652D64}.Release|x86.Build.0 = Release|Any CPU
		{1B9B07BB-22C3-4039-9FC2-226C6A0FE884}.Debug|Any CPU.ActiveCfg = Debug|Any CPU
		{1B9B07BB-22C3-4039-9FC2-226C6A0FE884}.Debug|Any CPU.Build.0 = Debug|Any CPU
		{1B9B07BB-22C3-4039-9FC2-226C6A0FE884}.Debug|x64.ActiveCfg = Debug|Any CPU
		{1B9B07BB-22C3-4039-9FC2-226C6A0FE884}.Debug|x64.Build.0 = Debug|Any CPU
		{1B9B07BB-22C3-4039-9FC2-226C6A0FE884}.Debug|x86.ActiveCfg = Debug|Any CPU
		{1B9B07BB-22C3-4039-9FC2-226C6A0FE884}.Debug|x86.Build.0 = Debug|Any CPU
		{1B9B07BB-22C3-4039-9FC2-226C6A0FE884}.Release|Any CPU.ActiveCfg = Release|Any CPU
		{1B9B07BB-22C3-4039-9FC2-226C6A0FE884}.Release|Any CPU.Build.0 = Release|Any CPU
		{1B9B07BB-22C3-4039-9FC2-226C6A0FE884}.Release|x64.ActiveCfg = Release|Any CPU
		{1B9B07BB-22C3-4039-9FC2-226C6A0FE884}.Release|x64.Build.0 = Release|Any CPU
		{1B9B07BB-22C3-4039-9FC2-226C6A0FE884}.Release|x86.ActiveCfg = Release|Any CPU
		{1B9B07BB-22C3-4039-9FC2-226C6A0FE884}.Release|x86.Build.0 = Release|Any CPU
		{721B4328-79D3-4B56-A8C4-C1BBFF707979}.Debug|Any CPU.ActiveCfg = Debug|Any CPU
		{721B4328-79D3-4B56-A8C4-C1BBFF707979}.Debug|Any CPU.Build.0 = Debug|Any CPU
		{721B4328-79D3-4B56-A8C4-C1BBFF707979}.Debug|x64.ActiveCfg = Debug|Any CPU
		{721B4328-79D3-4B56-A8C4-C1BBFF707979}.Debug|x64.Build.0 = Debug|Any CPU
		{721B4328-79D3-4B56-A8C4-C1BBFF707979}.Debug|x86.ActiveCfg = Debug|Any CPU
		{721B4328-79D3-4B56-A8C4-C1BBFF707979}.Debug|x86.Build.0 = Debug|Any CPU
		{721B4328-79D3-4B56-A8C4-C1BBFF707979}.Release|Any CPU.ActiveCfg = Release|Any CPU
		{721B4328-79D3-4B56-A8C4-C1BBFF707979}.Release|Any CPU.Build.0 = Release|Any CPU
		{721B4328-79D3-4B56-A8C4-C1BBFF707979}.Release|x64.ActiveCfg = Release|Any CPU
		{721B4328-79D3-4B56-A8C4-C1BBFF707979}.Release|x64.Build.0 = Release|Any CPU
		{721B4328-79D3-4B56-A8C4-C1BBFF707979}.Release|x86.ActiveCfg = Release|Any CPU
		{721B4328-79D3-4B56-A8C4-C1BBFF707979}.Release|x86.Build.0 = Release|Any CPU
	EndGlobalSection
EndGlobal
